Microsoft Visual Studio Solution File, Format Version 12.00
# Visual Studio 14
VisualStudioVersion = 14.0.25420.1
MinimumVisualStudioVersion = 10.0.40219.1
Project("{2150E333-8FDC-42A3-9474-1A3956D46DE8}") = "(skia)", "(skia)", "{CC0C4C15-BC82-7B74-FBD5-40CFD511BC80}"
EndProject
Project("{2150E333-8FDC-42A3-9474-1A3956D46DE8}") = "(third_party)", "(third_party)", "{1AB5793E-5431-E7ED-F866-5CCFABE73752}"
EndProject
Project("{2150E333-8FDC-42A3-9474-1A3956D46DE8}") = "(angle2)", "(angle2)", "{C31CAC6B-1E7B-2CD8-3CFA-D8106DA1C347}"
EndProject
Project("{2150E333-8FDC-42A3-9474-1A3956D46DE8}") = "(libjpeg-turbo)", "(libjpeg-turbo)", "{346C3D01-D998-81DB-A4BA-F728D55764CD}"
EndProject
Project("{2150E333-8FDC-42A3-9474-1A3956D46DE8}") = "(libpng)", "(libpng)", "{B5E3DF67-061A-5EB4-CADB-9B43540BC70F}"
EndProject
Project("{2150E333-8FDC-42A3-9474-1A3956D46DE8}") = "(libwebp)", "(libwebp)", "{914393D8-4C69-37A1-829E-6B11071C607D}"
EndProject
Project("{2150E333-8FDC-42A3-9474-1A3956D46DE8}") = "(zlib)", "(zlib)", "{81700B02-F0F0-3713-8F5D-7AA71E4DCD6C}"
EndProject
Project("{8BC9CEB8-8B4A-11D0-8D11-00A0C91BC942}") = "avx", "vcxproj\avx.vcxproj", "{F6F0A945-BB59-AA3F-5811-8B0E604CD8D7}"
EndProject
Project("{8BC9CEB8-8B4A-11D0-8D11-00A0C91BC942}") = "effects", "vcxproj\effects.vcxproj", "{811E2DDF-5E7A-75EC-AAD8-BEC1E05BE34D}"
EndProject
Project("{8BC9CEB8-8B4A-11D0-8D11-00A0C91BC942}") = "gpu", "vcxproj\gpu.vcxproj", "{9C802D2A-DCB8-8A99-4813-614CDAE09A8E}"
EndProject
Project("{8BC9CEB8-8B4A-11D0-8D11-00A0C91BC942}") = "jpeg", "vcxproj\jpeg.vcxproj", "{5774DACB-1A21-432E-53E5-62F9E02CB934}"
EndProject
Project("{8BC9CEB8-8B4A-11D0-8D11-00A0C91BC942}") = "png", "vcxproj\png.vcxproj", "{40DFDE78-EB52-BD1C-1C33-933466FF16A9}"
EndProject
Project("{8BC9CEB8-8B4A-11D0-8D11-00A0C91BC942}") = "skia", "vcxproj\skia.vcxproj", "{F75FB362-6E6E-32AF-75A3-C0C20DF6907D}"
	ProjectSection(ProjectDependencies) = postProject
		{02464B22-B6ED-A005-A120-2FC8F2F6772D} = {02464B22-B6ED-A005-A120-2FC8F2F6772D}
		{A4D76E22-4276-34B8-4C25-F61A57E428C0} = {A4D76E22-4276-34B8-4C25-F61A57E428C0}
		{9C802D2A-DCB8-8A99-4813-614CDAE09A8E} = {9C802D2A-DCB8-8A99-4813-614CDAE09A8E}
		{F6F0A945-BB59-AA3F-5811-8B0E604CD8D7} = {F6F0A945-BB59-AA3F-5811-8B0E604CD8D7}
		{51DF884D-7FF5-D93B-7F80-DD416F0E8BE7} = {51DF884D-7FF5-D93B-7F80-DD416F0E8BE7}
		{8496735C-0D71-9615-E102-788D48201067} = {8496735C-0D71-9615-E102-788D48201067}
		{937A2177-A685-A7A2-B4FC-8D02C597ED21} = {937A2177-A685-A7A2-B4FC-8D02C597ED21}
		{40DFDE78-EB52-BD1C-1C33-933466FF16A9} = {40DFDE78-EB52-BD1C-1C33-933466FF16A9}
		{F634F17F-F661-9738-E596-2B5F3E62C5E7} = {F634F17F-F661-9738-E596-2B5F3E62C5E7}
		{B1D36A92-0C52-38F5-0543-9912F4456920} = {B1D36A92-0C52-38F5-0543-9912F4456920}
		{45AAE197-B416-EC42-1DB1-AD37811D5507} = {45AAE197-B416-EC42-1DB1-AD37811D5507}
		{0F4304C4-E960-0B69-B8CB-5C1F876431AE} = {0F4304C4-E960-0B69-B8CB-5C1F876431AE}
		{5774DACB-1A21-432E-53E5-62F9E02CB934} = {5774DACB-1A21-432E-53E5-62F9E02CB934}
		{D9C26DD0-4190-D844-6B76-C7AA53AD12FD} = {D9C26DD0-4190-D844-6B76-C7AA53AD12FD}
		{CEEB32DB-7F85-F9CC-9C3E-A27CABE7DE34} = {CEEB32DB-7F85-F9CC-9C3E-A27CABE7DE34}
		{811E2DDF-5E7A-75EC-AAD8-BEC1E05BE34D} = {811E2DDF-5E7A-75EC-AAD8-BEC1E05BE34D}
		{45D427F1-3AE0-F198-5E4F-A850D7FB6657} = {45D427F1-3AE0-F198-5E4F-A850D7FB6657}
		{59E046FA-B370-4CD5-0E3A-4DA3F720E64A} = {59E046FA-B370-4CD5-0E3A-4DA3F720E64A}
	EndProjectSection
EndProject
Project("{8BC9CEB8-8B4A-11D0-8D11-00A0C91BC942}") = "sse2", "vcxproj\sse2.vcxproj", "{8496735C-0D71-9615-E102-788D48201067}"
EndProject
Project("{8BC9CEB8-8B4A-11D0-8D11-00A0C91BC942}") = "sse41", "vcxproj\sse41.vcxproj", "{F634F17F-F661-9738-E596-2B5F3E62C5E7}"
EndProject
Project("{8BC9CEB8-8B4A-11D0-8D11-00A0C91BC942}") = "sse42", "vcxproj\sse42.vcxproj", "{937A2177-A685-A7A2-B4FC-8D02C597ED21}"
EndProject
Project("{8BC9CEB8-8B4A-11D0-8D11-00A0C91BC942}") = "ssse3", "vcxproj\ssse3.vcxproj", "{45D427F1-3AE0-F198-5E4F-A850D7FB6657}"
EndProject
Project("{8BC9CEB8-8B4A-11D0-8D11-00A0C91BC942}") = "libEGL", "vcxproj\third_party\angle2\libEGL.vcxproj", "{59E046FA-B370-4CD5-0E3A-4DA3F720E64A}"
	ProjectSection(ProjectDependencies) = postProject
		{40DE3984-C84B-26AC-BC24-CC39638D9E83} = {40DE3984-C84B-26AC-BC24-CC39638D9E83}
	EndProjectSection
EndProject
Project("{8BC9CEB8-8B4A-11D0-8D11-00A0C91BC942}") = "libGLESv2", "vcxproj\third_party\angle2\libGLESv2.vcxproj", "{40DE3984-C84B-26AC-BC24-CC39638D9E83}"
EndProject
Project("{8BC9CEB8-8B4A-11D0-8D11-00A0C91BC942}") = "libjpeg", "vcxproj\third_party\libjpeg-turbo\libjpeg.vcxproj", "{51DF884D-7FF5-D93B-7F80-DD416F0E8BE7}"
EndProject
Project("{8BC9CEB8-8B4A-11D0-8D11-00A0C91BC942}") = "libpng", "vcxproj\third_party\libpng\libpng.vcxproj", "{0F4304C4-E960-0B69-B8CB-5C1F876431AE}"
EndProject
Project("{8BC9CEB8-8B4A-11D0-8D11-00A0C91BC942}") = "libwebp", "vcxproj\third_party\libwebp\libwebp.vcxproj", "{A4D76E22-4276-34B8-4C25-F61A57E428C0}"
EndProject
Project("{8BC9CEB8-8B4A-11D0-8D11-00A0C91BC942}") = "libwebp_avx2", "vcxproj\third_party\libwebp\libwebp_avx2.vcxproj", "{B1D36A92-0C52-38F5-0543-9912F4456920}"
EndProject
Project("{8BC9CEB8-8B4A-11D0-8D11-00A0C91BC942}") = "libwebp_sse41", "vcxproj\third_party\libwebp\libwebp_sse41.vcxproj", "{02464B22-B6ED-A005-A120-2FC8F2F6772D}"
EndProject
Project("{8BC9CEB8-8B4A-11D0-8D11-00A0C91BC942}") = "zlib", "vcxproj\third_party\zlib\zlib.vcxproj", "{CEEB32DB-7F85-F9CC-9C3E-A27CABE7DE34}"
EndProject
Project("{8BC9CEB8-8B4A-11D0-8D11-00A0C91BC942}") = "zlib_x86", "vcxproj\third_party\zlib\zlib_x86.vcxproj", "{D9C26DD0-4190-D844-6B76-C7AA53AD12FD}"
EndProject
Project("{8BC9CEB8-8B4A-11D0-8D11-00A0C91BC942}") = "webp", "vcxproj\webp.vcxproj", "{45AAE197-B416-EC42-1DB1-AD37811D5507}"
EndProject
Project("{2150E333-8FDC-42A3-9474-1A3956D46DE8}") = "demos", "demos", "{8415430A-6D5E-406C-AE8F-4DCD65A53280}"
EndProject
Project("{8BC9CEB8-8B4A-11D0-8D11-00A0C91BC942}") = "skia_demo_sync", "skia_demo_sync\skia_demo_sync.vcxproj", "{F0854D6F-BF32-45BB-A1DD-BF163257190B}"
EndProject
Global
	GlobalSection(SolutionConfigurationPlatforms) = preSolution
		GN|Win32 = GN|Win32
	EndGlobalSection
	GlobalSection(ProjectConfigurationPlatforms) = postSolution
		{F6F0A945-BB59-AA3F-5811-8B0E604CD8D7}.GN|Win32.ActiveCfg = GN|Win32
		{F6F0A945-BB59-AA3F-5811-8B0E604CD8D7}.GN|Win32.Build.0 = GN|Win32
		{811E2DDF-5E7A-75EC-AAD8-BEC1E05BE34D}.GN|Win32.ActiveCfg = GN|Win32
		{811E2DDF-5E7A-75EC-AAD8-BEC1E05BE34D}.GN|Win32.Build.0 = GN|Win32
		{9C802D2A-DCB8-8A99-4813-614CDAE09A8E}.GN|Win32.ActiveCfg = GN|Win32
		{9C802D2A-DCB8-8A99-4813-614CDAE09A8E}.GN|Win32.Build.0 = GN|Win32
		{5774DACB-1A21-432E-53E5-62F9E02CB934}.GN|Win32.ActiveCfg = GN|Win32
		{5774DACB-1A21-432E-53E5-62F9E02CB934}.GN|Win32.Build.0 = GN|Win32
		{40DFDE78-EB52-BD1C-1C33-933466FF16A9}.GN|Win32.ActiveCfg = GN|Win32
		{40DFDE78-EB52-BD1C-1C33-933466FF16A9}.GN|Win32.Build.0 = GN|Win32
		{F75FB362-6E6E-32AF-75A3-C0C20DF6907D}.GN|Win32.ActiveCfg = GN|Win32
		{F75FB362-6E6E-32AF-75A3-C0C20DF6907D}.GN|Win32.Build.0 = GN|Win32
		{8496735C-0D71-9615-E102-788D48201067}.GN|Win32.ActiveCfg = GN|Win32
		{8496735C-0D71-9615-E102-788D48201067}.GN|Win32.Build.0 = GN|Win32
		{F634F17F-F661-9738-E596-2B5F3E62C5E7}.GN|Win32.ActiveCfg = GN|Win32
		{F634F17F-F661-9738-E596-2B5F3E62C5E7}.GN|Win32.Build.0 = GN|Win32
		{937A2177-A685-A7A2-B4FC-8D02C597ED21}.GN|Win32.ActiveCfg = GN|Win32
		{937A2177-A685-A7A2-B4FC-8D02C597ED21}.GN|Win32.Build.0 = GN|Win32
		{45D427F1-3AE0-F198-5E4F-A850D7FB6657}.GN|Win32.ActiveCfg = GN|Win32
		{45D427F1-3AE0-F198-5E4F-A850D7FB6657}.GN|Win32.Build.0 = GN|Win32
		{59E046FA-B370-4CD5-0E3A-4DA3F720E64A}.GN|Win32.ActiveCfg = GN|Win32
		{59E046FA-B370-4CD5-0E3A-4DA3F720E64A}.GN|Win32.Build.0 = GN|Win32
		{40DE3984-C84B-26AC-BC24-CC39638D9E83}.GN|Win32.ActiveCfg = GN|Win32
		{40DE3984-C84B-26AC-BC24-CC39638D9E83}.GN|Win32.Build.0 = GN|Win32
		{51DF884D-7FF5-D93B-7F80-DD416F0E8BE7}.GN|Win32.ActiveCfg = GN|Win32
		{51DF884D-7FF5-D93B-7F80-DD416F0E8BE7}.GN|Win32.Build.0 = GN|Win32
		{0F4304C4-E960-0B69-B8CB-5C1F876431AE}.GN|Win32.ActiveCfg = GN|Win32
		{0F4304C4-E960-0B69-B8CB-5C1F876431AE}.GN|Win32.Build.0 = GN|Win32
		{A4D76E22-4276-34B8-4C25-F61A57E428C0}.GN|Win32.ActiveCfg = GN|Win32
		{A4D76E22-4276-34B8-4C25-F61A57E428C0}.GN|Win32.Build.0 = GN|Win32
		{B1D36A92-0C52-38F5-0543-9912F4456920}.GN|Win32.ActiveCfg = GN|Win32
		{B1D36A92-0C52-38F5-0543-9912F4456920}.GN|Win32.Build.0 = GN|Win32
		{02464B22-B6ED-A005-A120-2FC8F2F6772D}.GN|Win32.ActiveCfg = GN|Win32
		{02464B22-B6ED-A005-A120-2FC8F2F6772D}.GN|Win32.Build.0 = GN|Win32
		{CEEB32DB-7F85-F9CC-9C3E-A27CABE7DE34}.GN|Win32.ActiveCfg = GN|Win32
		{CEEB32DB-7F85-F9CC-9C3E-A27CABE7DE34}.GN|Win32.Build.0 = GN|Win32
		{D9C26DD0-4190-D844-6B76-C7AA53AD12FD}.GN|Win32.ActiveCfg = GN|Win32
		{D9C26DD0-4190-D844-6B76-C7AA53AD12FD}.GN|Win32.Build.0 = GN|Win32
		{45AAE197-B416-EC42-1DB1-AD37811D5507}.GN|Win32.ActiveCfg = GN|Win32
		{45AAE197-B416-EC42-1DB1-AD37811D5507}.GN|Win32.Build.0 = GN|Win32
		{F0854D6F-BF32-45BB-A1DD-BF163257190B}.GN|Win32.ActiveCfg = GN|Win32
		{F0854D6F-BF32-45BB-A1DD-BF163257190B}.GN|Win32.Build.0 = GN|Win32
	EndGlobalSection
	GlobalSection(SolutionProperties) = preSolution
		HideSolutionNode = FALSE
	EndGlobalSection
	GlobalSection(NestedProjects) = preSolution
		{1AB5793E-5431-E7ED-F866-5CCFABE73752} = {CC0C4C15-BC82-7B74-FBD5-40CFD511BC80}
		{C31CAC6B-1E7B-2CD8-3CFA-D8106DA1C347} = {1AB5793E-5431-E7ED-F866-5CCFABE73752}
		{346C3D01-D998-81DB-A4BA-F728D55764CD} = {1AB5793E-5431-E7ED-F866-5CCFABE73752}
		{B5E3DF67-061A-5EB4-CADB-9B43540BC70F} = {1AB5793E-5431-E7ED-F866-5CCFABE73752}
		{914393D8-4C69-37A1-829E-6B11071C607D} = {1AB5793E-5431-E7ED-F866-5CCFABE73752}
		{81700B02-F0F0-3713-8F5D-7AA71E4DCD6C} = {1AB5793E-5431-E7ED-F866-5CCFABE73752}
		{F6F0A945-BB59-AA3F-5811-8B0E604CD8D7} = {CC0C4C15-BC82-7B74-FBD5-40CFD511BC80}
		{811E2DDF-5E7A-75EC-AAD8-BEC1E05BE34D} = {CC0C4C15-BC82-7B74-FBD5-40CFD511BC80}
		{9C802D2A-DCB8-8A99-4813-614CDAE09A8E} = {CC0C4C15-BC82-7B74-FBD5-40CFD511BC80}
		{5774DACB-1A21-432E-53E5-62F9E02CB934} = {CC0C4C15-BC82-7B74-FBD5-40CFD511BC80}
		{40DFDE78-EB52-BD1C-1C33-933466FF16A9} = {CC0C4C15-BC82-7B74-FBD5-40CFD511BC80}
		{F75FB362-6E6E-32AF-75A3-C0C20DF6907D} = {CC0C4C15-BC82-7B74-FBD5-40CFD511BC80}
		{8496735C-0D71-9615-E102-788D48201067} = {CC0C4C15-BC82-7B74-FBD5-40CFD511BC80}
		{F634F17F-F661-9738-E596-2B5F3E62C5E7} = {CC0C4C15-BC82-7B74-FBD5-40CFD511BC80}
		{937A2177-A685-A7A2-B4FC-8D02C597ED21} = {CC0C4C15-BC82-7B74-FBD5-40CFD511BC80}
		{45D427F1-3AE0-F198-5E4F-A850D7FB6657} = {CC0C4C15-BC82-7B74-FBD5-40CFD511BC80}
		{59E046FA-B370-4CD5-0E3A-4DA3F720E64A} = {C31CAC6B-1E7B-2CD8-3CFA-D8106DA1C347}
		{40DE3984-C84B-26AC-BC24-CC39638D9E83} = {C31CAC6B-1E7B-2CD8-3CFA-D8106DA1C347}
		{51DF884D-7FF5-D93B-7F80-DD416F0E8BE7} = {346C3D01-D998-81DB-A4BA-F728D55764CD}
		{0F4304C4-E960-0B69-B8CB-5C1F876431AE} = {B5E3DF67-061A-5EB4-CADB-9B43540BC70F}
		{A4D76E22-4276-34B8-4C25-F61A57E428C0} = {914393D8-4C69-37A1-829E-6B11071C607D}
		{B1D36A92-0C52-38F5-0543-9912F4456920} = {914393D8-4C69-37A1-829E-6B11071C607D}
		{02464B22-B6ED-A005-A120-2FC8F2F6772D} = {914393D8-4C69-37A1-829E-6B11071C607D}
		{CEEB32DB-7F85-F9CC-9C3E-A27CABE7DE34} = {81700B02-F0F0-3713-8F5D-7AA71E4DCD6C}
		{D9C26DD0-4190-D844-6B76-C7AA53AD12FD} = {81700B02-F0F0-3713-8F5D-7AA71E4DCD6C}
		{45AAE197-B416-EC42-1DB1-AD37811D5507} = {CC0C4C15-BC82-7B74-FBD5-40CFD511BC80}
		{F0854D6F-BF32-45BB-A1DD-BF163257190B} = {8415430A-6D5E-406C-AE8F-4DCD65A53280}
	EndGlobalSection
EndGlobal
