Microsoft Visual Studio Solution File, Format Version 12.00
# Visual Studio 14
VisualStudioVersion = 14.0.25420.1
MinimumVisualStudioVersion = 10.0.40219.1
Project("{2150E333-8FDC-42A3-9474-1A3956D46DE8}") = "(skia)", "(skia)", "{CC0C4C15-BC82-7B74-FBD5-40CFD511BC80}"
EndProject
Project("{2150E333-8FDC-42A3-9474-1A3956D46DE8}") = "(third_party)", "(third_party)", "{1AB5793E-5431-E7ED-F866-5CCFABE73752}"
EndProject
Project("{2150E333-8FDC-42A3-9474-1A3956D46DE8}") = "(angle2)", "(angle2)", "{C31CAC6B-1E7B-2CD8-3CFA-D8106DA1C347}"
EndProject
Project("{2150E333-8FDC-42A3-9474-1A3956D46DE8}") = "(expat)", "(expat)", "{21B4E982-03D1-6C6F-449D-9FCB09A3A103}"
EndProject
Project("{2150E333-8FDC-42A3-9474-1A3956D46DE8}") = "(imgui)", "(imgui)", "{0F38C87E-135A-1423-2F0B-51CF56AFE0B9}"
EndProject
Project("{2150E333-8FDC-42A3-9474-1A3956D46DE8}") = "(jsoncpp)", "(jsoncpp)", "{2AFAECCE-3131-FB86-12E2-6B013C534777}"
EndProject
Project("{2150E333-8FDC-42A3-9474-1A3956D46DE8}") = "(libjpeg-turbo)", "(libjpeg-turbo)", "{346C3D01-D998-81DB-A4BA-F728D55764CD}"
EndProject
Project("{2150E333-8FDC-42A3-9474-1A3956D46DE8}") = "(libmicrohttpd)", "(libmicrohttpd)", "{886141BA-5054-CE87-B7A7-A850242EB7E3}"
EndProject
Project("{2150E333-8FDC-42A3-9474-1A3956D46DE8}") = "(libpng)", "(libpng)", "{B5E3DF67-061A-5EB4-CADB-9B43540BC70F}"
EndProject
Project("{2150E333-8FDC-42A3-9474-1A3956D46DE8}") = "(libwebp)", "(libwebp)", "{914393D8-4C69-37A1-829E-6B11071C607D}"
EndProject
Project("{2150E333-8FDC-42A3-9474-1A3956D46DE8}") = "(spirv-tools)", "(spirv-tools)", "{3867677D-F7E6-DA16-D40B-1A0E258FFDC6}"
EndProject
Project("{2150E333-8FDC-42A3-9474-1A3956D46DE8}") = "(zlib)", "(zlib)", "{81700B02-F0F0-3713-8F5D-7AA71E4DCD6C}"
EndProject
Project("{8BC9CEB8-8B4A-11D0-8D11-00A0C91BC942}") = "SampleApp", "vcxproj\SampleApp.vcxproj", "{A14B1FA2-4B84-5292-C8AF-46109B0F15C7}"
	ProjectSection(ProjectDependencies) = postProject
		{04F79601-2A8C-0306-8F03-EA962FC22E0D} = {04F79601-2A8C-0306-8F03-EA962FC22E0D}
		{3AAEC503-F3BF-74DB-D977-D6CE950AA44E} = {3AAEC503-F3BF-74DB-D977-D6CE950AA44E}
		{DF7DD906-3C43-EF4D-3157-7BD682353B0A} = {DF7DD906-3C43-EF4D-3157-7BD682353B0A}
		{94C61E19-FE99-4AD8-B121-80F408F60A93} = {94C61E19-FE99-4AD8-B121-80F408F60A93}
		{3C694139-2392-B0A4-6B7B-4173A0DCDFD1} = {3C694139-2392-B0A4-6B7B-4173A0DCDFD1}
		{F60AD439-9FE6-91BB-0966-306A0D1E4399} = {F60AD439-9FE6-91BB-0966-306A0D1E4399}
		{A03D8248-0546-66C1-B651-B2ACDC1529C1} = {A03D8248-0546-66C1-B651-B2ACDC1529C1}
		{2166924D-E1B2-251C-C1D5-A3CF2E5AFD8A} = {2166924D-E1B2-251C-C1D5-A3CF2E5AFD8A}
		{F967BA60-D413-FE9C-613B-6829A6DE8B53} = {F967BA60-D413-FE9C-613B-6829A6DE8B53}
		{DC5DC766-2DED-2AA2-A005-4A5F4F4F5424} = {DC5DC766-2DED-2AA2-A005-4A5F4F4F5424}
		{9819C479-FA7B-791E-0155-285FDF0AA007} = {9819C479-FA7B-791E-0155-285FDF0AA007}
		{13444C80-572C-607A-FB39-06B437415290} = {13444C80-572C-607A-FB39-06B437415290}
		{13FFC685-C4B2-ACCA-1BC0-CF6C866B7AC9} = {13FFC685-C4B2-ACCA-1BC0-CF6C866B7AC9}
		{A358CA89-4247-1859-F2B5-F1D5DE6C2F39} = {A358CA89-4247-1859-F2B5-F1D5DE6C2F39}
		{420F9693-6879-DC9E-19E7-533FDDA18DDA} = {420F9693-6879-DC9E-19E7-533FDDA18DDA}
		{53C3D59D-BC34-4FDA-AA93-AA8F154CE812} = {53C3D59D-BC34-4FDA-AA93-AA8F154CE812}
		{115FBFAC-2B6E-2F89-C17C-A8D648F2D29B} = {115FBFAC-2B6E-2F89-C17C-A8D648F2D29B}
		{FDFD97BB-5FD2-DD4C-FCF2-F32A16CDCF44} = {FDFD97BB-5FD2-DD4C-FCF2-F32A16CDCF44}
		{93823DC2-B507-02DF-9DA5-3CB5AF16B8A9} = {93823DC2-B507-02DF-9DA5-3CB5AF16B8A9}
		{010B7DCA-B9CA-F345-2E62-7F0D8237CBD7} = {010B7DCA-B9CA-F345-2E62-7F0D8237CBD7}
		{1F493ACC-D590-11F4-FA51-13A77C116C70} = {1F493ACC-D590-11F4-FA51-13A77C116C70}
		{860411CF-737F-FEB9-51EB-64AEFDB87AC3} = {860411CF-737F-FEB9-51EB-64AEFDB87AC3}
		{11066CD1-9624-1D50-8082-D7B9096457C4} = {11066CD1-9624-1D50-8082-D7B9096457C4}
		{36F94EEA-3BD0-4CE8-F8CC-8B70E89432FE} = {36F94EEA-3BD0-4CE8-F8CC-8B70E89432FE}
		{E363D2EB-EFC1-3F8E-9857-0A17BD9094EE} = {E363D2EB-EFC1-3F8E-9857-0A17BD9094EE}
		{3C6E37F5-1C10-D01F-01AA-055F3044FD51} = {3C6E37F5-1C10-D01F-01AA-055F3044FD51}
		{E73836F8-81E1-1D1F-69D3-FD782B118F4F} = {E73836F8-81E1-1D1F-69D3-FD782B118F4F}
	EndProjectSection
EndProject
Project("{8BC9CEB8-8B4A-11D0-8D11-00A0C91BC942}") = "avx", "vcxproj\avx.vcxproj", "{A03D8248-0546-66C1-B651-B2ACDC1529C1}"
EndProject
Project("{8BC9CEB8-8B4A-11D0-8D11-00A0C91BC942}") = "bench", "vcxproj\bench.vcxproj", "{E08D9DC3-65B2-94F8-0F42-0A5B7560DB5A}"
EndProject
Project("{8BC9CEB8-8B4A-11D0-8D11-00A0C91BC942}") = "effects", "vcxproj\effects.vcxproj", "{115FBFAC-2B6E-2F89-C17C-A8D648F2D29B}"
EndProject
Project("{8BC9CEB8-8B4A-11D0-8D11-00A0C91BC942}") = "experimental_svg_model", "vcxproj\experimental_svg_model.vcxproj", "{11066CD1-9624-1D50-8082-D7B9096457C4}"
EndProject
Project("{8BC9CEB8-8B4A-11D0-8D11-00A0C91BC942}") = "gpu", "vcxproj\gpu.vcxproj", "{F60AD439-9FE6-91BB-0966-306A0D1E4399}"
EndProject
Project("{8BC9CEB8-8B4A-11D0-8D11-00A0C91BC942}") = "gpu_tool_utils", "vcxproj\gpu_tool_utils.vcxproj", "{3C6E37F5-1C10-D01F-01AA-055F3044FD51}"
EndProject
Project("{8BC9CEB8-8B4A-11D0-8D11-00A0C91BC942}") = "jpeg", "vcxproj\jpeg.vcxproj", "{DC5DC766-2DED-2AA2-A005-4A5F4F4F5424}"
EndProject
Project("{8BC9CEB8-8B4A-11D0-8D11-00A0C91BC942}") = "pdf", "vcxproj\pdf.vcxproj", "{860411CF-737F-FEB9-51EB-64AEFDB87AC3}"
EndProject
Project("{8BC9CEB8-8B4A-11D0-8D11-00A0C91BC942}") = "png", "vcxproj\png.vcxproj", "{53C3D59D-BC34-4FDA-AA93-AA8F154CE812}"
EndProject
Project("{8BC9CEB8-8B4A-11D0-8D11-00A0C91BC942}") = "skia", "vcxproj\skia.vcxproj", "{1F493ACC-D590-11F4-FA51-13A77C116C70}"
	ProjectSection(ProjectDependencies) = postProject
		{04F79601-2A8C-0306-8F03-EA962FC22E0D} = {04F79601-2A8C-0306-8F03-EA962FC22E0D}
		{94C61E19-FE99-4AD8-B121-80F408F60A93} = {94C61E19-FE99-4AD8-B121-80F408F60A93}
		{F60AD439-9FE6-91BB-0966-306A0D1E4399} = {F60AD439-9FE6-91BB-0966-306A0D1E4399}
		{66892F3E-915C-7A57-F201-F07684F8FD67} = {66892F3E-915C-7A57-F201-F07684F8FD67}
		{A03D8248-0546-66C1-B651-B2ACDC1529C1} = {A03D8248-0546-66C1-B651-B2ACDC1529C1}
		{2166924D-E1B2-251C-C1D5-A3CF2E5AFD8A} = {2166924D-E1B2-251C-C1D5-A3CF2E5AFD8A}
		{2AA3514E-A145-4E6B-DACE-7334A4E13BB5} = {2AA3514E-A145-4E6B-DACE-7334A4E13BB5}
		{6E95C757-F663-9E34-E64F-A245EF05E774} = {6E95C757-F663-9E34-E64F-A245EF05E774}
		{DC5DC766-2DED-2AA2-A005-4A5F4F4F5424} = {DC5DC766-2DED-2AA2-A005-4A5F4F4F5424}
		{9819C479-FA7B-791E-0155-285FDF0AA007} = {9819C479-FA7B-791E-0155-285FDF0AA007}
		{36EB8B9C-4CF4-D9A2-1E20-706C602FB326} = {36EB8B9C-4CF4-D9A2-1E20-706C602FB326}
		{53C3D59D-BC34-4FDA-AA93-AA8F154CE812} = {53C3D59D-BC34-4FDA-AA93-AA8F154CE812}
		{115FBFAC-2B6E-2F89-C17C-A8D648F2D29B} = {115FBFAC-2B6E-2F89-C17C-A8D648F2D29B}
	EndProjectSection
EndProject
Project("{8BC9CEB8-8B4A-11D0-8D11-00A0C91BC942}") = "sse2", "vcxproj\sse2.vcxproj", "{2166924D-E1B2-251C-C1D5-A3CF2E5AFD8A}"
EndProject
Project("{8BC9CEB8-8B4A-11D0-8D11-00A0C91BC942}") = "sse41", "vcxproj\sse41.vcxproj", "{36EB8B9C-4CF4-D9A2-1E20-706C602FB326}"
EndProject
Project("{8BC9CEB8-8B4A-11D0-8D11-00A0C91BC942}") = "sse42", "vcxproj\sse42.vcxproj", "{6E95C757-F663-9E34-E64F-A245EF05E774}"
EndProject
Project("{8BC9CEB8-8B4A-11D0-8D11-00A0C91BC942}") = "ssse3", "vcxproj\ssse3.vcxproj", "{2AA3514E-A145-4E6B-DACE-7334A4E13BB5}"
EndProject
Project("{8BC9CEB8-8B4A-11D0-8D11-00A0C91BC942}") = "libEGL", "vcxproj\third_party\angle2\libEGL.vcxproj", "{04F79601-2A8C-0306-8F03-EA962FC22E0D}"
	ProjectSection(ProjectDependencies) = postProject
		{9819C479-FA7B-791E-0155-285FDF0AA007} = {9819C479-FA7B-791E-0155-285FDF0AA007}
	EndProjectSection
EndProject
Project("{8BC9CEB8-8B4A-11D0-8D11-00A0C91BC942}") = "libGLESv2", "vcxproj\third_party\angle2\libGLESv2.vcxproj", "{9819C479-FA7B-791E-0155-285FDF0AA007}"
EndProject
Project("{8BC9CEB8-8B4A-11D0-8D11-00A0C91BC942}") = "expat", "vcxproj\third_party\expat\expat.vcxproj", "{94C61E19-FE99-4AD8-B121-80F408F60A93}"
EndProject
Project("{8BC9CEB8-8B4A-11D0-8D11-00A0C91BC942}") = "imgui", "vcxproj\third_party\imgui\imgui.vcxproj", "{93823DC2-B507-02DF-9DA5-3CB5AF16B8A9}"
EndProject
Project("{8BC9CEB8-8B4A-11D0-8D11-00A0C91BC942}") = "jsoncpp", "vcxproj\third_party\jsoncpp\jsoncpp.vcxproj", "{A358CA89-4247-1859-F2B5-F1D5DE6C2F39}"
EndProject
Project("{8BC9CEB8-8B4A-11D0-8D11-00A0C91BC942}") = "libjpeg", "vcxproj\third_party\libjpeg-turbo\libjpeg.vcxproj", "{010B7DCA-B9CA-F345-2E62-7F0D8237CBD7}"
EndProject
Project("{8BC9CEB8-8B4A-11D0-8D11-00A0C91BC942}") = "libmicrohttpd", "vcxproj\third_party\libmicrohttpd\libmicrohttpd.vcxproj", "{36F94EEA-3BD0-4CE8-F8CC-8B70E89432FE}"
EndProject
Project("{8BC9CEB8-8B4A-11D0-8D11-00A0C91BC942}") = "libpng", "vcxproj\third_party\libpng\libpng.vcxproj", "{420F9693-6879-DC9E-19E7-533FDDA18DDA}"
EndProject
Project("{8BC9CEB8-8B4A-11D0-8D11-00A0C91BC942}") = "libwebp", "vcxproj\third_party\libwebp\libwebp.vcxproj", "{3AAEC503-F3BF-74DB-D977-D6CE950AA44E}"
EndProject
Project("{8BC9CEB8-8B4A-11D0-8D11-00A0C91BC942}") = "libwebp_avx2", "vcxproj\third_party\libwebp\libwebp_avx2.vcxproj", "{3C694139-2392-B0A4-6B7B-4173A0DCDFD1}"
EndProject
Project("{8BC9CEB8-8B4A-11D0-8D11-00A0C91BC942}") = "libwebp_sse41", "vcxproj\third_party\libwebp\libwebp_sse41.vcxproj", "{DF7DD906-3C43-EF4D-3157-7BD682353B0A}"
EndProject
Project("{8BC9CEB8-8B4A-11D0-8D11-00A0C91BC942}") = "spirv-tools", "vcxproj\third_party\spirv-tools\spirv-tools.vcxproj", "{E363D2EB-EFC1-3F8E-9857-0A17BD9094EE}"
EndProject
Project("{8BC9CEB8-8B4A-11D0-8D11-00A0C91BC942}") = "zlib", "vcxproj\third_party\zlib\zlib.vcxproj", "{13444C80-572C-607A-FB39-06B437415290}"
EndProject
Project("{8BC9CEB8-8B4A-11D0-8D11-00A0C91BC942}") = "zlib_x86", "vcxproj\third_party\zlib\zlib_x86.vcxproj", "{FDFD97BB-5FD2-DD4C-FCF2-F32A16CDCF44}"
EndProject
Project("{8BC9CEB8-8B4A-11D0-8D11-00A0C91BC942}") = "tool_utils", "vcxproj\tool_utils.vcxproj", "{E73836F8-81E1-1D1F-69D3-FD782B118F4F}"
EndProject
Project("{8BC9CEB8-8B4A-11D0-8D11-00A0C91BC942}") = "views", "vcxproj\views.vcxproj", "{13FFC685-C4B2-ACCA-1BC0-CF6C866B7AC9}"
EndProject
Project("{8BC9CEB8-8B4A-11D0-8D11-00A0C91BC942}") = "webp", "vcxproj\webp.vcxproj", "{66892F3E-915C-7A57-F201-F07684F8FD67}"
EndProject
Project("{8BC9CEB8-8B4A-11D0-8D11-00A0C91BC942}") = "xml", "vcxproj\xml.vcxproj", "{F967BA60-D413-FE9C-613B-6829A6DE8B53}"
EndProject
Global
	GlobalSection(SolutionConfigurationPlatforms) = preSolution
		GN|x64 = GN|x64
	EndGlobalSection
	GlobalSection(ProjectConfigurationPlatforms) = postSolution
		{A14B1FA2-4B84-5292-C8AF-46109B0F15C7}.GN|x64.ActiveCfg = GN|x64
		{A14B1FA2-4B84-5292-C8AF-46109B0F15C7}.GN|x64.Build.0 = GN|x64
		{A03D8248-0546-66C1-B651-B2ACDC1529C1}.GN|x64.ActiveCfg = GN|x64
		{A03D8248-0546-66C1-B651-B2ACDC1529C1}.GN|x64.Build.0 = GN|x64
		{E08D9DC3-65B2-94F8-0F42-0A5B7560DB5A}.GN|x64.ActiveCfg = GN|x64
		{E08D9DC3-65B2-94F8-0F42-0A5B7560DB5A}.GN|x64.Build.0 = GN|x64
		{115FBFAC-2B6E-2F89-C17C-A8D648F2D29B}.GN|x64.ActiveCfg = GN|x64
		{115FBFAC-2B6E-2F89-C17C-A8D648F2D29B}.GN|x64.Build.0 = GN|x64
		{11066CD1-9624-1D50-8082-D7B9096457C4}.GN|x64.ActiveCfg = GN|x64
		{11066CD1-9624-1D50-8082-D7B9096457C4}.GN|x64.Build.0 = GN|x64
		{F60AD439-9FE6-91BB-0966-306A0D1E4399}.GN|x64.ActiveCfg = GN|x64
		{F60AD439-9FE6-91BB-0966-306A0D1E4399}.GN|x64.Build.0 = GN|x64
		{3C6E37F5-1C10-D01F-01AA-055F3044FD51}.GN|x64.ActiveCfg = GN|x64
		{3C6E37F5-1C10-D01F-01AA-055F3044FD51}.GN|x64.Build.0 = GN|x64
		{DC5DC766-2DED-2AA2-A005-4A5F4F4F5424}.GN|x64.ActiveCfg = GN|x64
		{DC5DC766-2DED-2AA2-A005-4A5F4F4F5424}.GN|x64.Build.0 = GN|x64
		{860411CF-737F-FEB9-51EB-64AEFDB87AC3}.GN|x64.ActiveCfg = GN|x64
		{860411CF-737F-FEB9-51EB-64AEFDB87AC3}.GN|x64.Build.0 = GN|x64
		{53C3D59D-BC34-4FDA-AA93-AA8F154CE812}.GN|x64.ActiveCfg = GN|x64
		{53C3D59D-BC34-4FDA-AA93-AA8F154CE812}.GN|x64.Build.0 = GN|x64
		{1F493ACC-D590-11F4-FA51-13A77C116C70}.GN|x64.ActiveCfg = GN|x64
		{1F493ACC-D590-11F4-FA51-13A77C116C70}.GN|x64.Build.0 = GN|x64
		{2166924D-E1B2-251C-C1D5-A3CF2E5AFD8A}.GN|x64.ActiveCfg = GN|x64
		{2166924D-E1B2-251C-C1D5-A3CF2E5AFD8A}.GN|x64.Build.0 = GN|x64
		{36EB8B9C-4CF4-D9A2-1E20-706C602FB326}.GN|x64.ActiveCfg = GN|x64
		{36EB8B9C-4CF4-D9A2-1E20-706C602FB326}.GN|x64.Build.0 = GN|x64
		{6E95C757-F663-9E34-E64F-A245EF05E774}.GN|x64.ActiveCfg = GN|x64
		{6E95C757-F663-9E34-E64F-A245EF05E774}.GN|x64.Build.0 = GN|x64
		{2AA3514E-A145-4E6B-DACE-7334A4E13BB5}.GN|x64.ActiveCfg = GN|x64
		{2AA3514E-A145-4E6B-DACE-7334A4E13BB5}.GN|x64.Build.0 = GN|x64
		{04F79601-2A8C-0306-8F03-EA962FC22E0D}.GN|x64.ActiveCfg = GN|x64
		{04F79601-2A8C-0306-8F03-EA962FC22E0D}.GN|x64.Build.0 = GN|x64
		{9819C479-FA7B-791E-0155-285FDF0AA007}.GN|x64.ActiveCfg = GN|x64
		{9819C479-FA7B-791E-0155-285FDF0AA007}.GN|x64.Build.0 = GN|x64
		{94C61E19-FE99-4AD8-B121-80F408F60A93}.GN|x64.ActiveCfg = GN|x64
		{94C61E19-FE99-4AD8-B121-80F408F60A93}.GN|x64.Build.0 = GN|x64
		{93823DC2-B507-02DF-9DA5-3CB5AF16B8A9}.GN|x64.ActiveCfg = GN|x64
		{93823DC2-B507-02DF-9DA5-3CB5AF16B8A9}.GN|x64.Build.0 = GN|x64
		{A358CA89-4247-1859-F2B5-F1D5DE6C2F39}.GN|x64.ActiveCfg = GN|x64
		{A358CA89-4247-1859-F2B5-F1D5DE6C2F39}.GN|x64.Build.0 = GN|x64
		{010B7DCA-B9CA-F345-2E62-7F0D8237CBD7}.GN|x64.ActiveCfg = GN|x64
		{010B7DCA-B9CA-F345-2E62-7F0D8237CBD7}.GN|x64.Build.0 = GN|x64
		{36F94EEA-3BD0-4CE8-F8CC-8B70E89432FE}.GN|x64.ActiveCfg = GN|x64
		{36F94EEA-3BD0-4CE8-F8CC-8B70E89432FE}.GN|x64.Build.0 = GN|x64
		{420F9693-6879-DC9E-19E7-533FDDA18DDA}.GN|x64.ActiveCfg = GN|x64
		{420F9693-6879-DC9E-19E7-533FDDA18DDA}.GN|x64.Build.0 = GN|x64
		{3AAEC503-F3BF-74DB-D977-D6CE950AA44E}.GN|x64.ActiveCfg = GN|x64
		{3AAEC503-F3BF-74DB-D977-D6CE950AA44E}.GN|x64.Build.0 = GN|x64
		{3C694139-2392-B0A4-6B7B-4173A0DCDFD1}.GN|x64.ActiveCfg = GN|x64
		{3C694139-2392-B0A4-6B7B-4173A0DCDFD1}.GN|x64.Build.0 = GN|x64
		{DF7DD906-3C43-EF4D-3157-7BD682353B0A}.GN|x64.ActiveCfg = GN|x64
		{DF7DD906-3C43-EF4D-3157-7BD682353B0A}.GN|x64.Build.0 = GN|x64
		{E363D2EB-EFC1-3F8E-9857-0A17BD9094EE}.GN|x64.ActiveCfg = GN|x64
		{E363D2EB-EFC1-3F8E-9857-0A17BD9094EE}.GN|x64.Build.0 = GN|x64
		{13444C80-572C-607A-FB39-06B437415290}.GN|x64.ActiveCfg = GN|x64
		{13444C80-572C-607A-FB39-06B437415290}.GN|x64.Build.0 = GN|x64
		{FDFD97BB-5FD2-DD4C-FCF2-F32A16CDCF44}.GN|x64.ActiveCfg = GN|x64
		{FDFD97BB-5FD2-DD4C-FCF2-F32A16CDCF44}.GN|x64.Build.0 = GN|x64
		{E73836F8-81E1-1D1F-69D3-FD782B118F4F}.GN|x64.ActiveCfg = GN|x64
		{E73836F8-81E1-1D1F-69D3-FD782B118F4F}.GN|x64.Build.0 = GN|x64
		{13FFC685-C4B2-ACCA-1BC0-CF6C866B7AC9}.GN|x64.ActiveCfg = GN|x64
		{13FFC685-C4B2-ACCA-1BC0-CF6C866B7AC9}.GN|x64.Build.0 = GN|x64
		{66892F3E-915C-7A57-F201-F07684F8FD67}.GN|x64.ActiveCfg = GN|x64
		{66892F3E-915C-7A57-F201-F07684F8FD67}.GN|x64.Build.0 = GN|x64
		{F967BA60-D413-FE9C-613B-6829A6DE8B53}.GN|x64.ActiveCfg = GN|x64
		{F967BA60-D413-FE9C-613B-6829A6DE8B53}.GN|x64.Build.0 = GN|x64
	EndGlobalSection
	GlobalSection(SolutionProperties) = preSolution
		HideSolutionNode = FALSE
	EndGlobalSection
	GlobalSection(NestedProjects) = preSolution
		{1AB5793E-5431-E7ED-F866-5CCFABE73752} = {CC0C4C15-BC82-7B74-FBD5-40CFD511BC80}
		{C31CAC6B-1E7B-2CD8-3CFA-D8106DA1C347} = {1AB5793E-5431-E7ED-F866-5CCFABE73752}
		{21B4E982-03D1-6C6F-449D-9FCB09A3A103} = {1AB5793E-5431-E7ED-F866-5CCFABE73752}
		{0F38C87E-135A-1423-2F0B-51CF56AFE0B9} = {1AB5793E-5431-E7ED-F866-5CCFABE73752}
		{2AFAECCE-3131-FB86-12E2-6B013C534777} = {1AB5793E-5431-E7ED-F866-5CCFABE73752}
		{346C3D01-D998-81DB-A4BA-F728D55764CD} = {1AB5793E-5431-E7ED-F866-5CCFABE73752}
		{886141BA-5054-CE87-B7A7-A850242EB7E3} = {1AB5793E-5431-E7ED-F866-5CCFABE73752}
		{B5E3DF67-061A-5EB4-CADB-9B43540BC70F} = {1AB5793E-5431-E7ED-F866-5CCFABE73752}
		{914393D8-4C69-37A1-829E-6B11071C607D} = {1AB5793E-5431-E7ED-F866-5CCFABE73752}
		{3867677D-F7E6-DA16-D40B-1A0E258FFDC6} = {1AB5793E-5431-E7ED-F866-5CCFABE73752}
		{81700B02-F0F0-3713-8F5D-7AA71E4DCD6C} = {1AB5793E-5431-E7ED-F866-5CCFABE73752}
		{A14B1FA2-4B84-5292-C8AF-46109B0F15C7} = {CC0C4C15-BC82-7B74-FBD5-40CFD511BC80}
		{A03D8248-0546-66C1-B651-B2ACDC1529C1} = {CC0C4C15-BC82-7B74-FBD5-40CFD511BC80}
		{E08D9DC3-65B2-94F8-0F42-0A5B7560DB5A} = {CC0C4C15-BC82-7B74-FBD5-40CFD511BC80}
		{115FBFAC-2B6E-2F89-C17C-A8D648F2D29B} = {CC0C4C15-BC82-7B74-FBD5-40CFD511BC80}
		{11066CD1-9624-1D50-8082-D7B9096457C4} = {CC0C4C15-BC82-7B74-FBD5-40CFD511BC80}
		{F60AD439-9FE6-91BB-0966-306A0D1E4399} = {CC0C4C15-BC82-7B74-FBD5-40CFD511BC80}
		{3C6E37F5-1C10-D01F-01AA-055F3044FD51} = {CC0C4C15-BC82-7B74-FBD5-40CFD511BC80}
		{DC5DC766-2DED-2AA2-A005-4A5F4F4F5424} = {CC0C4C15-BC82-7B74-FBD5-40CFD511BC80}
		{860411CF-737F-FEB9-51EB-64AEFDB87AC3} = {CC0C4C15-BC82-7B74-FBD5-40CFD511BC80}
		{53C3D59D-BC34-4FDA-AA93-AA8F154CE812} = {CC0C4C15-BC82-7B74-FBD5-40CFD511BC80}
		{1F493ACC-D590-11F4-FA51-13A77C116C70} = {CC0C4C15-BC82-7B74-FBD5-40CFD511BC80}
		{2166924D-E1B2-251C-C1D5-A3CF2E5AFD8A} = {CC0C4C15-BC82-7B74-FBD5-40CFD511BC80}
		{36EB8B9C-4CF4-D9A2-1E20-706C602FB326} = {CC0C4C15-BC82-7B74-FBD5-40CFD511BC80}
		{6E95C757-F663-9E34-E64F-A245EF05E774} = {CC0C4C15-BC82-7B74-FBD5-40CFD511BC80}
		{2AA3514E-A145-4E6B-DACE-7334A4E13BB5} = {CC0C4C15-BC82-7B74-FBD5-40CFD511BC80}
		{04F79601-2A8C-0306-8F03-EA962FC22E0D} = {C31CAC6B-1E7B-2CD8-3CFA-D8106DA1C347}
		{9819C479-FA7B-791E-0155-285FDF0AA007} = {C31CAC6B-1E7B-2CD8-3CFA-D8106DA1C347}
		{94C61E19-FE99-4AD8-B121-80F408F60A93} = {21B4E982-03D1-6C6F-449D-9FCB09A3A103}
		{93823DC2-B507-02DF-9DA5-3CB5AF16B8A9} = {0F38C87E-135A-1423-2F0B-51CF56AFE0B9}
		{A358CA89-4247-1859-F2B5-F1D5DE6C2F39} = {2AFAECCE-3131-FB86-12E2-6B013C534777}
		{010B7DCA-B9CA-F345-2E62-7F0D8237CBD7} = {346C3D01-D998-81DB-A4BA-F728D55764CD}
		{36F94EEA-3BD0-4CE8-F8CC-8B70E89432FE} = {886141BA-5054-CE87-B7A7-A850242EB7E3}
		{420F9693-6879-DC9E-19E7-533FDDA18DDA} = {B5E3DF67-061A-5EB4-CADB-9B43540BC70F}
		{3AAEC503-F3BF-74DB-D977-D6CE950AA44E} = {914393D8-4C69-37A1-829E-6B11071C607D}
		{3C694139-2392-B0A4-6B7B-4173A0DCDFD1} = {914393D8-4C69-37A1-829E-6B11071C607D}
		{DF7DD906-3C43-EF4D-3157-7BD682353B0A} = {914393D8-4C69-37A1-829E-6B11071C607D}
		{E363D2EB-EFC1-3F8E-9857-0A17BD9094EE} = {3867677D-F7E6-DA16-D40B-1A0E258FFDC6}
		{13444C80-572C-607A-FB39-06B437415290} = {81700B02-F0F0-3713-8F5D-7AA71E4DCD6C}
		{FDFD97BB-5FD2-DD4C-FCF2-F32A16CDCF44} = {81700B02-F0F0-3713-8F5D-7AA71E4DCD6C}
		{E73836F8-81E1-1D1F-69D3-FD782B118F4F} = {CC0C4C15-BC82-7B74-FBD5-40CFD511BC80}
		{13FFC685-C4B2-ACCA-1BC0-CF6C866B7AC9} = {CC0C4C15-BC82-7B74-FBD5-40CFD511BC80}
		{66892F3E-915C-7A57-F201-F07684F8FD67} = {CC0C4C15-BC82-7B74-FBD5-40CFD511BC80}
		{F967BA60-D413-FE9C-613B-6829A6DE8B53} = {CC0C4C15-BC82-7B74-FBD5-40CFD511BC80}
	EndGlobalSection
EndGlobal
