Microsoft Visual Studio Solution File, Format Version 12.00
# Visual Studio 14
VisualStudioVersion = 14.0.25420.1
MinimumVisualStudioVersion = 10.0.40219.1
Project("{2150E333-8FDC-42A3-9474-1A3956D46DE8}") = "(skia)", "(skia)", "{CC0C4C15-BC82-7B74-FBD5-40CFD511BC80}"
EndProject
Project("{2150E333-8FDC-42A3-9474-1A3956D46DE8}") = "(third_party)", "(third_party)", "{1AB5793E-5431-E7ED-F866-5CCFABE73752}"
EndProject
Project("{2150E333-8FDC-42A3-9474-1A3956D46DE8}") = "(angle2)", "(angle2)", "{C31CAC6B-1E7B-2CD8-3CFA-D8106DA1C347}"
EndProject
Project("{2150E333-8FDC-42A3-9474-1A3956D46DE8}") = "(libjpeg-turbo)", "(libjpeg-turbo)", "{346C3D01-D998-81DB-A4BA-F728D55764CD}"
EndProject
Project("{2150E333-8FDC-42A3-9474-1A3956D46DE8}") = "(libpng)", "(libpng)", "{B5E3DF67-061A-5EB4-CADB-9B43540BC70F}"
EndProject
Project("{2150E333-8FDC-42A3-9474-1A3956D46DE8}") = "(libwebp)", "(libwebp)", "{914393D8-4C69-37A1-829E-6B11071C607D}"
EndProject
Project("{2150E333-8FDC-42A3-9474-1A3956D46DE8}") = "(spirv-tools)", "(spirv-tools)", "{3867677D-F7E6-DA16-D40B-1A0E258FFDC6}"
EndProject
Project("{2150E333-8FDC-42A3-9474-1A3956D46DE8}") = "(zlib)", "(zlib)", "{81700B02-F0F0-3713-8F5D-7AA71E4DCD6C}"
EndProject
Project("{8BC9CEB8-8B4A-11D0-8D11-00A0C91BC942}") = "avx", "vcxproj\avx.vcxproj", "{0527105F-E3B0-FB53-0F8C-A7699EEF9DD8}"
EndProject
Project("{8BC9CEB8-8B4A-11D0-8D11-00A0C91BC942}") = "effects", "vcxproj\effects.vcxproj", "{469A4ED8-FB9E-72E7-FADA-56B6FC6FA7B2}"
EndProject
Project("{8BC9CEB8-8B4A-11D0-8D11-00A0C91BC942}") = "gpu", "vcxproj\gpu.vcxproj", "{F851B0FA-D265-2690-2F4B-E52D051600C3}"
EndProject
Project("{8BC9CEB8-8B4A-11D0-8D11-00A0C91BC942}") = "jpeg", "vcxproj\jpeg.vcxproj", "{4B454F3A-BAF2-26A1-B566-3366524EF9AD}"
EndProject
Project("{8BC9CEB8-8B4A-11D0-8D11-00A0C91BC942}") = "png", "vcxproj\png.vcxproj", "{B7F2F882-2B6A-13FE-3352-7AA91358DB96}"
EndProject
Project("{8BC9CEB8-8B4A-11D0-8D11-00A0C91BC942}") = "skia", "vcxproj\skia.vcxproj", "{C36A89BF-77B3-9A84-87CE-0055803EAF50}"
	ProjectSection(ProjectDependencies) = postProject
		{3F2EFC2E-747E-7E29-8A07-0A696082E1A2} = {3F2EFC2E-747E-7E29-8A07-0A696082E1A2}
		{8C196E39-8CC1-C24C-CA38-7BD30178E29C} = {8C196E39-8CC1-C24C-CA38-7BD30178E29C}
		{4B454F3A-BAF2-26A1-B566-3366524EF9AD} = {4B454F3A-BAF2-26A1-B566-3366524EF9AD}
		{4A1FA23F-C0A7-D4C8-A7F5-93A8505125B4} = {4A1FA23F-C0A7-D4C8-A7F5-93A8505125B4}
		{A0FC7840-3714-2BAD-4861-8CCCE0B38BC3} = {A0FC7840-3714-2BAD-4861-8CCCE0B38BC3}
		{0527105F-E3B0-FB53-0F8C-A7699EEF9DD8} = {0527105F-E3B0-FB53-0F8C-A7699EEF9DD8}
		{90AA8964-75C5-C184-D3B4-22D86C22D31F} = {90AA8964-75C5-C184-D3B4-22D86C22D31F}
		{76295073-3443-8EB1-9A2C-AF235C919DA6} = {76295073-3443-8EB1-9A2C-AF235C919DA6}
		{1BBDD476-A3D7-98B2-3FA2-6F17D64CC083} = {1BBDD476-A3D7-98B2-3FA2-6F17D64CC083}
		{B7F2F882-2B6A-13FE-3352-7AA91358DB96} = {B7F2F882-2B6A-13FE-3352-7AA91358DB96}
		{2A305A85-BF1D-9269-1985-09FCD0744AB9} = {2A305A85-BF1D-9269-1985-09FCD0744AB9}
		{19E3968F-6F67-47A2-B01B-41589EEF23AC} = {19E3968F-6F67-47A2-B01B-41589EEF23AC}
		{31B03095-CF0F-41D3-D261-DD792890AC14} = {31B03095-CF0F-41D3-D261-DD792890AC14}
		{D4263EA9-6743-CF93-EAE2-748F02E64D2C} = {D4263EA9-6743-CF93-EAE2-748F02E64D2C}
		{B43B5EC0-5032-C140-A030-BEFA2FF844AD} = {B43B5EC0-5032-C140-A030-BEFA2FF844AD}
		{EA4285CC-1169-7000-BD79-28048ED73322} = {EA4285CC-1169-7000-BD79-28048ED73322}
		{469A4ED8-FB9E-72E7-FADA-56B6FC6FA7B2} = {469A4ED8-FB9E-72E7-FADA-56B6FC6FA7B2}
		{ABEA48DB-7AF9-61DA-B02C-2EB38F1F3EBE} = {ABEA48DB-7AF9-61DA-B02C-2EB38F1F3EBE}
		{F851B0FA-D265-2690-2F4B-E52D051600C3} = {F851B0FA-D265-2690-2F4B-E52D051600C3}
	EndProjectSection
EndProject
Project("{8BC9CEB8-8B4A-11D0-8D11-00A0C91BC942}") = "sse2", "vcxproj\sse2.vcxproj", "{ABEA48DB-7AF9-61DA-B02C-2EB38F1F3EBE}"
EndProject
Project("{8BC9CEB8-8B4A-11D0-8D11-00A0C91BC942}") = "sse41", "vcxproj\sse41.vcxproj", "{1BBDD476-A3D7-98B2-3FA2-6F17D64CC083}"
EndProject
Project("{8BC9CEB8-8B4A-11D0-8D11-00A0C91BC942}") = "sse42", "vcxproj\sse42.vcxproj", "{3F2EFC2E-747E-7E29-8A07-0A696082E1A2}"
EndProject
Project("{8BC9CEB8-8B4A-11D0-8D11-00A0C91BC942}") = "ssse3", "vcxproj\ssse3.vcxproj", "{8C196E39-8CC1-C24C-CA38-7BD30178E29C}"
EndProject
Project("{8BC9CEB8-8B4A-11D0-8D11-00A0C91BC942}") = "libEGL", "vcxproj\third_party\angle2\libEGL.vcxproj", "{2A305A85-BF1D-9269-1985-09FCD0744AB9}"
	ProjectSection(ProjectDependencies) = postProject
		{B3C2313A-B840-4C53-7F17-0BF92AF41ACA} = {B3C2313A-B840-4C53-7F17-0BF92AF41ACA}
	EndProjectSection
EndProject
Project("{8BC9CEB8-8B4A-11D0-8D11-00A0C91BC942}") = "libGLESv2", "vcxproj\third_party\angle2\libGLESv2.vcxproj", "{B3C2313A-B840-4C53-7F17-0BF92AF41ACA}"
EndProject
Project("{8BC9CEB8-8B4A-11D0-8D11-00A0C91BC942}") = "libjpeg", "vcxproj\third_party\libjpeg-turbo\libjpeg.vcxproj", "{31B03095-CF0F-41D3-D261-DD792890AC14}"
EndProject
Project("{8BC9CEB8-8B4A-11D0-8D11-00A0C91BC942}") = "libpng", "vcxproj\third_party\libpng\libpng.vcxproj", "{76295073-3443-8EB1-9A2C-AF235C919DA6}"
EndProject
Project("{8BC9CEB8-8B4A-11D0-8D11-00A0C91BC942}") = "libwebp", "vcxproj\third_party\libwebp\libwebp.vcxproj", "{A0FC7840-3714-2BAD-4861-8CCCE0B38BC3}"
EndProject
Project("{8BC9CEB8-8B4A-11D0-8D11-00A0C91BC942}") = "libwebp_avx2", "vcxproj\third_party\libwebp\libwebp_avx2.vcxproj", "{EA4285CC-1169-7000-BD79-28048ED73322}"
EndProject
Project("{8BC9CEB8-8B4A-11D0-8D11-00A0C91BC942}") = "libwebp_sse41", "vcxproj\third_party\libwebp\libwebp_sse41.vcxproj", "{D4263EA9-6743-CF93-EAE2-748F02E64D2C}"
EndProject
Project("{8BC9CEB8-8B4A-11D0-8D11-00A0C91BC942}") = "spirv-tools", "vcxproj\third_party\spirv-tools\spirv-tools.vcxproj", "{19E3968F-6F67-47A2-B01B-41589EEF23AC}"
EndProject
Project("{8BC9CEB8-8B4A-11D0-8D11-00A0C91BC942}") = "zlib", "vcxproj\third_party\zlib\zlib.vcxproj", "{B43B5EC0-5032-C140-A030-BEFA2FF844AD}"
EndProject
Project("{8BC9CEB8-8B4A-11D0-8D11-00A0C91BC942}") = "zlib_x86", "vcxproj\third_party\zlib\zlib_x86.vcxproj", "{4A1FA23F-C0A7-D4C8-A7F5-93A8505125B4}"
EndProject
Project("{8BC9CEB8-8B4A-11D0-8D11-00A0C91BC942}") = "webp", "vcxproj\webp.vcxproj", "{90AA8964-75C5-C184-D3B4-22D86C22D31F}"
EndProject
Project("{2150E333-8FDC-42A3-9474-1A3956D46DE8}") = "demos", "demos", "{AA4D236C-2FF4-4ADE-B046-072B4CFD50B7}"
EndProject
Project("{8BC9CEB8-8B4A-11D0-8D11-00A0C91BC942}") = "skia_demo_sync", "skia_demo_sync\skia_demo_sync.vcxproj", "{34F12074-16DF-4D9A-B3B4-E71E9FA19FCC}"
EndProject
Global
	GlobalSection(SolutionConfigurationPlatforms) = preSolution
		GN|x64 = GN|x64
	EndGlobalSection
	GlobalSection(ProjectConfigurationPlatforms) = postSolution
		{0527105F-E3B0-FB53-0F8C-A7699EEF9DD8}.GN|x64.ActiveCfg = GN|x64
		{0527105F-E3B0-FB53-0F8C-A7699EEF9DD8}.GN|x64.Build.0 = GN|x64
		{469A4ED8-FB9E-72E7-FADA-56B6FC6FA7B2}.GN|x64.ActiveCfg = GN|x64
		{469A4ED8-FB9E-72E7-FADA-56B6FC6FA7B2}.GN|x64.Build.0 = GN|x64
		{F851B0FA-D265-2690-2F4B-E52D051600C3}.GN|x64.ActiveCfg = GN|x64
		{F851B0FA-D265-2690-2F4B-E52D051600C3}.GN|x64.Build.0 = GN|x64
		{4B454F3A-BAF2-26A1-B566-3366524EF9AD}.GN|x64.ActiveCfg = GN|x64
		{4B454F3A-BAF2-26A1-B566-3366524EF9AD}.GN|x64.Build.0 = GN|x64
		{B7F2F882-2B6A-13FE-3352-7AA91358DB96}.GN|x64.ActiveCfg = GN|x64
		{B7F2F882-2B6A-13FE-3352-7AA91358DB96}.GN|x64.Build.0 = GN|x64
		{C36A89BF-77B3-9A84-87CE-0055803EAF50}.GN|x64.ActiveCfg = GN|x64
		{C36A89BF-77B3-9A84-87CE-0055803EAF50}.GN|x64.Build.0 = GN|x64
		{ABEA48DB-7AF9-61DA-B02C-2EB38F1F3EBE}.GN|x64.ActiveCfg = GN|x64
		{ABEA48DB-7AF9-61DA-B02C-2EB38F1F3EBE}.GN|x64.Build.0 = GN|x64
		{1BBDD476-A3D7-98B2-3FA2-6F17D64CC083}.GN|x64.ActiveCfg = GN|x64
		{1BBDD476-A3D7-98B2-3FA2-6F17D64CC083}.GN|x64.Build.0 = GN|x64
		{3F2EFC2E-747E-7E29-8A07-0A696082E1A2}.GN|x64.ActiveCfg = GN|x64
		{3F2EFC2E-747E-7E29-8A07-0A696082E1A2}.GN|x64.Build.0 = GN|x64
		{8C196E39-8CC1-C24C-CA38-7BD30178E29C}.GN|x64.ActiveCfg = GN|x64
		{8C196E39-8CC1-C24C-CA38-7BD30178E29C}.GN|x64.Build.0 = GN|x64
		{2A305A85-BF1D-9269-1985-09FCD0744AB9}.GN|x64.ActiveCfg = GN|x64
		{2A305A85-BF1D-9269-1985-09FCD0744AB9}.GN|x64.Build.0 = GN|x64
		{B3C2313A-B840-4C53-7F17-0BF92AF41ACA}.GN|x64.ActiveCfg = GN|x64
		{B3C2313A-B840-4C53-7F17-0BF92AF41ACA}.GN|x64.Build.0 = GN|x64
		{31B03095-CF0F-41D3-D261-DD792890AC14}.GN|x64.ActiveCfg = GN|x64
		{31B03095-CF0F-41D3-D261-DD792890AC14}.GN|x64.Build.0 = GN|x64
		{76295073-3443-8EB1-9A2C-AF235C919DA6}.GN|x64.ActiveCfg = GN|x64
		{76295073-3443-8EB1-9A2C-AF235C919DA6}.GN|x64.Build.0 = GN|x64
		{A0FC7840-3714-2BAD-4861-8CCCE0B38BC3}.GN|x64.ActiveCfg = GN|x64
		{A0FC7840-3714-2BAD-4861-8CCCE0B38BC3}.GN|x64.Build.0 = GN|x64
		{EA4285CC-1169-7000-BD79-28048ED73322}.GN|x64.ActiveCfg = GN|x64
		{EA4285CC-1169-7000-BD79-28048ED73322}.GN|x64.Build.0 = GN|x64
		{D4263EA9-6743-CF93-EAE2-748F02E64D2C}.GN|x64.ActiveCfg = GN|x64
		{D4263EA9-6743-CF93-EAE2-748F02E64D2C}.GN|x64.Build.0 = GN|x64
		{19E3968F-6F67-47A2-B01B-41589EEF23AC}.GN|x64.ActiveCfg = GN|x64
		{19E3968F-6F67-47A2-B01B-41589EEF23AC}.GN|x64.Build.0 = GN|x64
		{B43B5EC0-5032-C140-A030-BEFA2FF844AD}.GN|x64.ActiveCfg = GN|x64
		{B43B5EC0-5032-C140-A030-BEFA2FF844AD}.GN|x64.Build.0 = GN|x64
		{4A1FA23F-C0A7-D4C8-A7F5-93A8505125B4}.GN|x64.ActiveCfg = GN|x64
		{4A1FA23F-C0A7-D4C8-A7F5-93A8505125B4}.GN|x64.Build.0 = GN|x64
		{90AA8964-75C5-C184-D3B4-22D86C22D31F}.GN|x64.ActiveCfg = GN|x64
		{90AA8964-75C5-C184-D3B4-22D86C22D31F}.GN|x64.Build.0 = GN|x64
		{34F12074-16DF-4D9A-B3B4-E71E9FA19FCC}.GN|x64.ActiveCfg = GN|x64
		{34F12074-16DF-4D9A-B3B4-E71E9FA19FCC}.GN|x64.Build.0 = GN|x64
	EndGlobalSection
	GlobalSection(SolutionProperties) = preSolution
		HideSolutionNode = FALSE
	EndGlobalSection
	GlobalSection(NestedProjects) = preSolution
		{1AB5793E-5431-E7ED-F866-5CCFABE73752} = {CC0C4C15-BC82-7B74-FBD5-40CFD511BC80}
		{C31CAC6B-1E7B-2CD8-3CFA-D8106DA1C347} = {1AB5793E-5431-E7ED-F866-5CCFABE73752}
		{346C3D01-D998-81DB-A4BA-F728D55764CD} = {1AB5793E-5431-E7ED-F866-5CCFABE73752}
		{B5E3DF67-061A-5EB4-CADB-9B43540BC70F} = {1AB5793E-5431-E7ED-F866-5CCFABE73752}
		{914393D8-4C69-37A1-829E-6B11071C607D} = {1AB5793E-5431-E7ED-F866-5CCFABE73752}
		{3867677D-F7E6-DA16-D40B-1A0E258FFDC6} = {1AB5793E-5431-E7ED-F866-5CCFABE73752}
		{81700B02-F0F0-3713-8F5D-7AA71E4DCD6C} = {1AB5793E-5431-E7ED-F866-5CCFABE73752}
		{0527105F-E3B0-FB53-0F8C-A7699EEF9DD8} = {CC0C4C15-BC82-7B74-FBD5-40CFD511BC80}
		{469A4ED8-FB9E-72E7-FADA-56B6FC6FA7B2} = {CC0C4C15-BC82-7B74-FBD5-40CFD511BC80}
		{F851B0FA-D265-2690-2F4B-E52D051600C3} = {CC0C4C15-BC82-7B74-FBD5-40CFD511BC80}
		{4B454F3A-BAF2-26A1-B566-3366524EF9AD} = {CC0C4C15-BC82-7B74-FBD5-40CFD511BC80}
		{B7F2F882-2B6A-13FE-3352-7AA91358DB96} = {CC0C4C15-BC82-7B74-FBD5-40CFD511BC80}
		{C36A89BF-77B3-9A84-87CE-0055803EAF50} = {CC0C4C15-BC82-7B74-FBD5-40CFD511BC80}
		{ABEA48DB-7AF9-61DA-B02C-2EB38F1F3EBE} = {CC0C4C15-BC82-7B74-FBD5-40CFD511BC80}
		{1BBDD476-A3D7-98B2-3FA2-6F17D64CC083} = {CC0C4C15-BC82-7B74-FBD5-40CFD511BC80}
		{3F2EFC2E-747E-7E29-8A07-0A696082E1A2} = {CC0C4C15-BC82-7B74-FBD5-40CFD511BC80}
		{8C196E39-8CC1-C24C-CA38-7BD30178E29C} = {CC0C4C15-BC82-7B74-FBD5-40CFD511BC80}
		{2A305A85-BF1D-9269-1985-09FCD0744AB9} = {C31CAC6B-1E7B-2CD8-3CFA-D8106DA1C347}
		{B3C2313A-B840-4C53-7F17-0BF92AF41ACA} = {C31CAC6B-1E7B-2CD8-3CFA-D8106DA1C347}
		{31B03095-CF0F-41D3-D261-DD792890AC14} = {346C3D01-D998-81DB-A4BA-F728D55764CD}
		{76295073-3443-8EB1-9A2C-AF235C919DA6} = {B5E3DF67-061A-5EB4-CADB-9B43540BC70F}
		{A0FC7840-3714-2BAD-4861-8CCCE0B38BC3} = {914393D8-4C69-37A1-829E-6B11071C607D}
		{EA4285CC-1169-7000-BD79-28048ED73322} = {914393D8-4C69-37A1-829E-6B11071C607D}
		{D4263EA9-6743-CF93-EAE2-748F02E64D2C} = {914393D8-4C69-37A1-829E-6B11071C607D}
		{19E3968F-6F67-47A2-B01B-41589EEF23AC} = {3867677D-F7E6-DA16-D40B-1A0E258FFDC6}
		{B43B5EC0-5032-C140-A030-BEFA2FF844AD} = {81700B02-F0F0-3713-8F5D-7AA71E4DCD6C}
		{4A1FA23F-C0A7-D4C8-A7F5-93A8505125B4} = {81700B02-F0F0-3713-8F5D-7AA71E4DCD6C}
		{90AA8964-75C5-C184-D3B4-22D86C22D31F} = {CC0C4C15-BC82-7B74-FBD5-40CFD511BC80}
		{34F12074-16DF-4D9A-B3B4-E71E9FA19FCC} = {AA4D236C-2FF4-4ADE-B046-072B4CFD50B7}
	EndGlobalSection
EndGlobal
